<?xml version="1.0" encoding="utf-8"?>
<Project ToolsVersion="4.0" xmlns="http://schemas.microsoft.com/developer/msbuild/2003">
  <ItemGroup>
    <ClCompile Include="Utils.cpp" />
    <ClCompile Include="FixedDXGIFactory.cpp" />
    <ClCompile Include="PluginMain.cpp" />
    <ClCompile Include="DllMain.cpp" />
  </ItemGroup>
  <ItemGroup>
    <ClInclude Include="Utils.h" />
    <ClInclude Include="FixedDXGIFactory.h" />
    <ClInclude Include="ScopeExit.h" />
    <ClInclude Include="MemUnlocker.h" />
  </ItemGroup>
  <ItemGroup>
    <Filter Include="Resources">
      <UniqueIdentifier>{33a5d30c-2e5d-42a8-9dc5-0b02924e08ce}</UniqueIdentifier>
    </Filter>
  </ItemGroup>
  <ItemGroup>
    <ResourceCompile Include="PSFix.rc">
      <Filter>Resources</Filter>
    </ResourceCompile>
  </ItemGroup>
  <ItemGroup>
    <CustomBuild Include="PSFix.rr">
      <Filter>Resources</Filter>
    </CustomBuild>
  </ItemGroup>
</Project>